
Microsoft Visual Studio Solution File, Format Version 12.00
# Visual Studio Version 16
VisualStudioVersion = 16.0.30907.101
MinimumVisualStudioVersion = 10.0.40219.1
Project("{FAE04EC0-301F-11D3-BF4B-00C04F79EFBC}") = "projeto-teste", "projeto-teste.csproj", "{BA9CCCAD-63BC-4EB9-A648-4B3C6A9843AD}"
EndProject
Global
	GlobalSection(SolutionConfigurationPlatforms) = preSolution
		Debug|Any CPU = Debug|Any CPU
		Release|Any CPU = Release|Any CPU
	EndGlobalSection
	GlobalSection(ProjectConfigurationPlatforms) = postSolution
		{BA9CCCAD-63BC-4EB9-A648-4B3C6A9843AD}.Debug|Any CPU.ActiveCfg = Debug|Any CPU
		{BA9CCCAD-63BC-4EB9-A648-4B3C6A9843AD}.Debug|Any CPU.Build.0 = Debug|Any CPU
		{BA9CCCAD-63BC-4EB9-A648-4B3C6A9843AD}.Release|Any CPU.ActiveCfg = Release|Any CPU
		{BA9CCCAD-63BC-4EB9-A648-4B3C6A9843AD}.Release|Any CPU.Build.0 = Release|Any CPU
	EndGlobalSection
	GlobalSection(SolutionProperties) = preSolution
		HideSolutionNode = FALSE
	EndGlobalSection
	GlobalSection(ExtensibilityGlobals) = postSolution
		SolutionGuid = {2279D6BC-F480-4F93-A5B3-5B46B9F27FFB}
	EndGlobalSection
EndGlobal
